
Microsoft Visual Studio Solution File, Format Version 12.00
# Visual Studio 15
VisualStudioVersion = 15.0.28010.2026
MinimumVisualStudioVersion = 10.0.40219.1
Project("{FAE04EC0-301F-11D3-BF4B-00C04F79EFBC}") = "fortune", "fortune\fortune.csproj", "{E6E8F2CD-6B37-4C72-B62D-26AE7C336DCF}"
EndProject
Global
	GlobalSection(SolutionConfigurationPlatforms) = preSolution
		Debug|Any CPU = Debug|Any CPU
		Release|Any CPU = Release|Any CPU
	EndGlobalSection
	GlobalSection(ProjectConfigurationPlatforms) = postSolution
		{E6E8F2CD-6B37-4C72-B62D-26AE7C336DCF}.Debug|Any CPU.ActiveCfg = Debug|Any CPU
		{E6E8F2CD-6B37-4C72-B62D-26AE7C336DCF}.Debug|Any CPU.Build.0 = Debug|Any CPU
		{E6E8F2CD-6B37-4C72-B62D-26AE7C336DCF}.Release|Any CPU.ActiveCfg = Release|Any CPU
		{E6E8F2CD-6B37-4C72-B62D-26AE7C336DCF}.Release|Any CPU.Build.0 = Release|Any CPU
	EndGlobalSection
	GlobalSection(SolutionProperties) = preSolution
		HideSolutionNode = FALSE
	EndGlobalSection
	GlobalSection(ExtensibilityGlobals) = postSolution
		SolutionGuid = {A0DD5654-E427-4981-95A7-7ADCB0B08450}
	EndGlobalSection
EndGlobal
